
Microsoft Visual Studio Solution File, Format Version 12.00
# Visual Studio 15
VisualStudioVersion = 15.0.28010.2003
MinimumVisualStudioVersion = 10.0.40219.1
Project("{FAE04EC0-301F-11D3-BF4B-00C04F79EFBC}") = "DOhara_Methods", "DOhara_Methods\DOhara_Methods.csproj", "{5C1E17FB-99CB-43CE-86F4-86D138A39BEF}"
EndProject
Global
	GlobalSection(SolutionConfigurationPlatforms) = preSolution
		Debug|Any CPU = Debug|Any CPU
		Release|Any CPU = Release|Any CPU
	EndGlobalSection
	GlobalSection(ProjectConfigurationPlatforms) = postSolution
		{5C1E17FB-99CB-43CE-86F4-86D138A39BEF}.Debug|Any CPU.ActiveCfg = Debug|Any CPU
		{5C1E17FB-99CB-43CE-86F4-86D138A39BEF}.Debug|Any CPU.Build.0 = Debug|Any CPU
		{5C1E17FB-99CB-43CE-86F4-86D138A39BEF}.Release|Any CPU.ActiveCfg = Release|Any CPU
		{5C1E17FB-99CB-43CE-86F4-86D138A39BEF}.Release|Any CPU.Build.0 = Release|Any CPU
	EndGlobalSection
	GlobalSection(SolutionProperties) = preSolution
		HideSolutionNode = FALSE
	EndGlobalSection
	GlobalSection(ExtensibilityGlobals) = postSolution
		SolutionGuid = {D5980306-7E99-49EF-B474-81F2EAED8900}
	EndGlobalSection
EndGlobal
