
Microsoft Visual Studio Solution File, Format Version 12.00
# Visual Studio 15
VisualStudioVersion = 15.0.28010.2003
MinimumVisualStudioVersion = 10.0.40219.1
Project("{FAE04EC0-301F-11D3-BF4B-00C04F79EFBC}") = "ConsoleApp17", "ConsoleApp17\ConsoleApp17.csproj", "{411A7F69-7123-444E-9B33-D0465D2E556B}"
EndProject
Global
	GlobalSection(SolutionConfigurationPlatforms) = preSolution
		Debug|Any CPU = Debug|Any CPU
		Release|Any CPU = Release|Any CPU
	EndGlobalSection
	GlobalSection(ProjectConfigurationPlatforms) = postSolution
		{411A7F69-7123-444E-9B33-D0465D2E556B}.Debug|Any CPU.ActiveCfg = Debug|Any CPU
		{411A7F69-7123-444E-9B33-D0465D2E556B}.Debug|Any CPU.Build.0 = Debug|Any CPU
		{411A7F69-7123-444E-9B33-D0465D2E556B}.Release|Any CPU.ActiveCfg = Release|Any CPU
		{411A7F69-7123-444E-9B33-D0465D2E556B}.Release|Any CPU.Build.0 = Release|Any CPU
	EndGlobalSection
	GlobalSection(SolutionProperties) = preSolution
		HideSolutionNode = FALSE
	EndGlobalSection
	GlobalSection(ExtensibilityGlobals) = postSolution
		SolutionGuid = {4F5F32F0-81C6-49E8-8987-94659692FE06}
	EndGlobalSection
EndGlobal
