
Microsoft Visual Studio Solution File, Format Version 12.00
# Visual Studio 15
VisualStudioVersion = 15.0.28010.2003
MinimumVisualStudioVersion = 10.0.40219.1
Project("{FAE04EC0-301F-11D3-BF4B-00C04F79EFBC}") = "Multi demensional collections", "Multi demensional collections\Multi demensional collections.csproj", "{C0DFFED2-950C-4E22-ADD6-47B423CB1743}"
EndProject
Global
	GlobalSection(SolutionConfigurationPlatforms) = preSolution
		Debug|Any CPU = Debug|Any CPU
		Release|Any CPU = Release|Any CPU
	EndGlobalSection
	GlobalSection(ProjectConfigurationPlatforms) = postSolution
		{C0DFFED2-950C-4E22-ADD6-47B423CB1743}.Debug|Any CPU.ActiveCfg = Debug|Any CPU
		{C0DFFED2-950C-4E22-ADD6-47B423CB1743}.Debug|Any CPU.Build.0 = Debug|Any CPU
		{C0DFFED2-950C-4E22-ADD6-47B423CB1743}.Release|Any CPU.ActiveCfg = Release|Any CPU
		{C0DFFED2-950C-4E22-ADD6-47B423CB1743}.Release|Any CPU.Build.0 = Release|Any CPU
	EndGlobalSection
	GlobalSection(SolutionProperties) = preSolution
		HideSolutionNode = FALSE
	EndGlobalSection
	GlobalSection(ExtensibilityGlobals) = postSolution
		SolutionGuid = {DAB951A9-BE06-4A3F-8539-6EA2A6A9EA97}
	EndGlobalSection
EndGlobal
